
Microsoft Visual Studio Solution File, Format Version 12.00
# Visual Studio Version 17
VisualStudioVersion = 17.1.32328.378
MinimumVisualStudioVersion = 10.0.40219.1
Project("{FAE04EC0-301F-11D3-BF4B-00C04F79EFBC}") = "UnitTestProjectProgram", "UnitTestProjectProgram\UnitTestProjectProgram.csproj", "{569434E1-A2A7-4BD4-AB89-586F472EBD56}"
EndProject
Global
	GlobalSection(SolutionConfigurationPlatforms) = preSolution
		Debug|Any CPU = Debug|Any CPU
		Release|Any CPU = Release|Any CPU
	EndGlobalSection
	GlobalSection(ProjectConfigurationPlatforms) = postSolution
		{569434E1-A2A7-4BD4-AB89-586F472EBD56}.Debug|Any CPU.ActiveCfg = Debug|Any CPU
		{569434E1-A2A7-4BD4-AB89-586F472EBD56}.Debug|Any CPU.Build.0 = Debug|Any CPU
		{569434E1-A2A7-4BD4-AB89-586F472EBD56}.Release|Any CPU.ActiveCfg = Release|Any CPU
		{569434E1-A2A7-4BD4-AB89-586F472EBD56}.Release|Any CPU.Build.0 = Release|Any CPU
	EndGlobalSection
	GlobalSection(SolutionProperties) = preSolution
		HideSolutionNode = FALSE
	EndGlobalSection
	GlobalSection(ExtensibilityGlobals) = postSolution
		SolutionGuid = {764F578A-66D9-476B-887D-755FAA15FDF5}
	EndGlobalSection
EndGlobal
